
Microsoft Visual Studio Solution File, Format Version 12.00
# Visual Studio Version 16
VisualStudioVersion = 16.0.31911.196
MinimumVisualStudioVersion = 10.0.40219.1
Project("{FAE04EC0-301F-11D3-BF4B-00C04F79EFBC}") = "Frbot2", "Frbot2\Frbot2.csproj", "{BECD64F6-7090-49FC-AAF3-6B6951BA3B4C}"
EndProject
Global
	GlobalSection(SolutionConfigurationPlatforms) = preSolution
		Debug|Any CPU = Debug|Any CPU
		Release|Any CPU = Release|Any CPU
	EndGlobalSection
	GlobalSection(ProjectConfigurationPlatforms) = postSolution
		{BECD64F6-7090-49FC-AAF3-6B6951BA3B4C}.Debug|Any CPU.ActiveCfg = Debug|Any CPU
		{BECD64F6-7090-49FC-AAF3-6B6951BA3B4C}.Debug|Any CPU.Build.0 = Debug|Any CPU
		{BECD64F6-7090-49FC-AAF3-6B6951BA3B4C}.Release|Any CPU.ActiveCfg = Release|Any CPU
		{BECD64F6-7090-49FC-AAF3-6B6951BA3B4C}.Release|Any CPU.Build.0 = Release|Any CPU
	EndGlobalSection
	GlobalSection(SolutionProperties) = preSolution
		HideSolutionNode = FALSE
	EndGlobalSection
	GlobalSection(ExtensibilityGlobals) = postSolution
		SolutionGuid = {60F25BE0-1576-41A1-879B-C3C734031851}
	EndGlobalSection
EndGlobal
